
Microsoft Visual Studio Solution File, Format Version 12.00
# Visual Studio Version 16
VisualStudioVersion = 16.0.31005.135
MinimumVisualStudioVersion = 10.0.40219.1
Project("{FAE04EC0-301F-11D3-BF4B-00C04F79EFBC}") = "Assignment10", "Assignment10\Assignment10.csproj", "{3979BD44-1D25-4D13-AD17-87BBC5119DE0}"
EndProject
Global
	GlobalSection(SolutionConfigurationPlatforms) = preSolution
		Debug|Any CPU = Debug|Any CPU
		Release|Any CPU = Release|Any CPU
	EndGlobalSection
	GlobalSection(ProjectConfigurationPlatforms) = postSolution
		{3979BD44-1D25-4D13-AD17-87BBC5119DE0}.Debug|Any CPU.ActiveCfg = Debug|Any CPU
		{3979BD44-1D25-4D13-AD17-87BBC5119DE0}.Debug|Any CPU.Build.0 = Debug|Any CPU
		{3979BD44-1D25-4D13-AD17-87BBC5119DE0}.Release|Any CPU.ActiveCfg = Release|Any CPU
		{3979BD44-1D25-4D13-AD17-87BBC5119DE0}.Release|Any CPU.Build.0 = Release|Any CPU
	EndGlobalSection
	GlobalSection(SolutionProperties) = preSolution
		HideSolutionNode = FALSE
	EndGlobalSection
	GlobalSection(ExtensibilityGlobals) = postSolution
		SolutionGuid = {473EA54D-E6D5-4A94-A5BE-4FEBAAB28D28}
	EndGlobalSection
EndGlobal
